// !$*UTF8*$!
{
	archiveVersion = 1;
	classes = {
	};
	objectVersion = 46;
	objects = {

/* Begin PBXBuildFile section */
		CB4AE32B1D53B15800A6AAA0 /* AppDelegate.swift in Sources */ = {isa = PBXBuildFile; fileRef = CB4AE32A1D53B15800A6AAA0 /* AppDelegate.swift */; };
		CB4AE32D1D53B15800A6AAA0 /* ViewController.swift in Sources */ = {isa = PBXBuildFile; fileRef = CB4AE32C1D53B15800A6AAA0 /* ViewController.swift */; };
		CB4AE3301D53B15800A6AAA0 /* Main.storyboard in Resources */ = {isa = PBXBuildFile; fileRef = CB4AE32E1D53B15800A6AAA0 /* Main.storyboard */; };
		CB4AE3321D53B15800A6AAA0 /* Assets.xcassets in Resources */ = {isa = PBXBuildFile; fileRef = CB4AE3311D53B15800A6AAA0 /* Assets.xcassets */; };
		CB4AE3351D53B15800A6AAA0 /* LaunchScreen.storyboard in Resources */ = {isa = PBXBuildFile; fileRef = CB4AE3331D53B15800A6AAA0 /* LaunchScreen.storyboard */; };
		CB4AE3401D53B15800A6AAA0 /* VRadventure0Tests.swift in Sources */ = {isa = PBXBuildFile; fileRef = CB4AE33F1D53B15800A6AAA0 /* VRadventure0Tests.swift */; };
		CB4AE34B1D53B15800A6AAA0 /* VRadventure0UITests.swift in Sources */ = {isa = PBXBuildFile; fileRef = CB4AE34A1D53B15800A6AAA0 /* VRadventure0UITests.swift */; };
		CB4AE3591D53B19C00A6AAA0 /* Environment.scn in Resources */ = {isa = PBXBuildFile; fileRef = CB4AE3581D53B19C00A6AAA0 /* Environment.scn */; };
/* End PBXBuildFile section */

/* Begin PBXContainerItemProxy section */
		CB4AE33C1D53B15800A6AAA0 /* PBXContainerItemProxy */ = {
			isa = PBXContainerItemProxy;
			containerPortal = CB4AE31F1D53B15800A6AAA0 /* Project object */;
			proxyType = 1;
			remoteGlobalIDString = CB4AE3261D53B15800A6AAA0;
			remoteInfo = VRadventure0;
		};
		CB4AE3471D53B15800A6AAA0 /* PBXContainerItemProxy */ = {
			isa = PBXContainerItemProxy;
			containerPortal = CB4AE31F1D53B15800A6AAA0 /* Project object */;
			proxyType = 1;
			remoteGlobalIDString = CB4AE3261D53B15800A6AAA0;
			remoteInfo = VRadventure0;
		};
/* End PBXContainerItemProxy section */

/* Begin PBXFileReference section */
		CB4AE3271D53B15800A6AAA0 /* VRadventure0.app */ = {isa = PBXFileReference; explicitFileType = wrapper.application; includeInIndex = 0; path = VRadventure0.app; sourceTree = BUILT_PRODUCTS_DIR; };
		CB4AE32A1D53B15800A6AAA0 /* AppDelegate.swift */ = {isa = PBXFileReference; lastKnownFileType = sourcecode.swift; path = AppDelegate.swift; sourceTree = "<group>"; };
		CB4AE32C1D53B15800A6AAA0 /* ViewController.swift */ = {isa = PBXFileReference; lastKnownFileType = sourcecode.swift; path = ViewController.swift; sourceTree = "<group>"; };
		CB4AE32F1D53B15800A6AAA0 /* Base */ = {isa = PBXFileReference; lastKnownFileType = file.storyboard; name = Base; path = Base.lproj/Main.storyboard; sourceTree = "<group>"; };
		CB4AE3311D53B15800A6AAA0 /* Assets.xcassets */ = {isa = PBXFileReference; lastKnownFileType = folder.assetcatalog; path = Assets.xcassets; sourceTree = "<group>"; };
		CB4AE3341D53B15800A6AAA0 /* Base */ = {isa = PBXFileReference; lastKnownFileType = file.storyboard; name = Base; path = Base.lproj/LaunchScreen.storyboard; sourceTree = "<group>"; };
		CB4AE3361D53B15800A6AAA0 /* Info.plist */ = {isa = PBXFileReference; lastKnownFileType = text.plist.xml; path = Info.plist; sourceTree = "<group>"; };
		CB4AE33B1D53B15800A6AAA0 /* VRadventure0Tests.xctest */ = {isa = PBXFileReference; explicitFileType = wrapper.cfbundle; includeInIndex = 0; path = VRadventure0Tests.xctest; sourceTree = BUILT_PRODUCTS_DIR; };
		CB4AE33F1D53B15800A6AAA0 /* VRadventure0Tests.swift */ = {isa = PBXFileReference; lastKnownFileType = sourcecode.swift; path = VRadventure0Tests.swift; sourceTree = "<group>"; };
		CB4AE3411D53B15800A6AAA0 /* Info.plist */ = {isa = PBXFileReference; lastKnownFileType = text.plist.xml; path = Info.plist; sourceTree = "<group>"; };
		CB4AE3461D53B15800A6AAA0 /* VRadventure0UITests.xctest */ = {isa = PBXFileReference; explicitFileType = wrapper.cfbundle; includeInIndex = 0; path = VRadventure0UITests.xctest; sourceTree = BUILT_PRODUCTS_DIR; };
		CB4AE34A1D53B15800A6AAA0 /* VRadventure0UITests.swift */ = {isa = PBXFileReference; lastKnownFileType = sourcecode.swift; path = VRadventure0UITests.swift; sourceTree = "<group>"; };
		CB4AE34C1D53B15800A6AAA0 /* Info.plist */ = {isa = PBXFileReference; lastKnownFileType = text.plist.xml; path = Info.plist; sourceTree = "<group>"; };
		CB4AE3581D53B19C00A6AAA0 /* Environment.scn */ = {isa = PBXFileReference; lastKnownFileType = file.bplist; path = Environment.scn; sourceTree = "<group>"; };
/* End PBXFileReference section */

/* Begin PBXFrameworksBuildPhase section */
		CB4AE3241D53B15800A6AAA0 /* Frameworks */ = {
			isa = PBXFrameworksBuildPhase;
			buildActionMask = 2147483647;
			files = (
			);
			runOnlyForDeploymentPostprocessing = 0;
		};
		CB4AE3381D53B15800A6AAA0 /* Frameworks */ = {
			isa = PBXFrameworksBuildPhase;
			buildActionMask = 2147483647;
			files = (
			);
			runOnlyForDeploymentPostprocessing = 0;
		};
		CB4AE3431D53B15800A6AAA0 /* Frameworks */ = {
			isa = PBXFrameworksBuildPhase;
			buildActionMask = 2147483647;
			files = (
			);
			runOnlyForDeploymentPostprocessing = 0;
		};
/* End PBXFrameworksBuildPhase section */

/* Begin PBXGroup section */
		CB4AE31E1D53B15800A6AAA0 = {
			isa = PBXGroup;
			children = (
				CB4AE3291D53B15800A6AAA0 /* VRadventure0 */,
				CB4AE33E1D53B15800A6AAA0 /* VRadventure0Tests */,
				CB4AE3491D53B15800A6AAA0 /* VRadventure0UITests */,
				CB4AE3281D53B15800A6AAA0 /* Products */,
			);
			sourceTree = "<group>";
		};
		CB4AE3281D53B15800A6AAA0 /* Products */ = {
			isa = PBXGroup;
			children = (
				CB4AE3271D53B15800A6AAA0 /* VRadventure0.app */,
				CB4AE33B1D53B15800A6AAA0 /* VRadventure0Tests.xctest */,
				CB4AE3461D53B15800A6AAA0 /* VRadventure0UITests.xctest */,
			);
			name = Products;
			sourceTree = "<group>";
		};
		CB4AE3291D53B15800A6AAA0 /* VRadventure0 */ = {
			isa = PBXGroup;
			children = (
				CB4AE32A1D53B15800A6AAA0 /* AppDelegate.swift */,
				CB4AE32C1D53B15800A6AAA0 /* ViewController.swift */,
				CB4AE32E1D53B15800A6AAA0 /* Main.storyboard */,
				CB4AE3311D53B15800A6AAA0 /* Assets.xcassets */,
				CB4AE3331D53B15800A6AAA0 /* LaunchScreen.storyboard */,
				CB4AE3361D53B15800A6AAA0 /* Info.plist */,
				CB4AE3581D53B19C00A6AAA0 /* Environment.scn */,
			);
			path = VRadventure0;
			sourceTree = "<group>";
		};
		CB4AE33E1D53B15800A6AAA0 /* VRadventure0Tests */ = {
			isa = PBXGroup;
			children = (
				CB4AE33F1D53B15800A6AAA0 /* VRadventure0Tests.swift */,
				CB4AE3411D53B15800A6AAA0 /* Info.plist */,
			);
			path = VRadventure0Tests;
			sourceTree = "<group>";
		};
		CB4AE3491D53B15800A6AAA0 /* VRadventure0UITests */ = {
			isa = PBXGroup;
			children = (
				CB4AE34A1D53B15800A6AAA0 /* VRadventure0UITests.swift */,
				CB4AE34C1D53B15800A6AAA0 /* Info.plist */,
			);
			path = VRadventure0UITests;
			sourceTree = "<group>";
		};
/* End PBXGroup section */

/* Begin PBXNativeTarget section */
		CB4AE3261D53B15800A6AAA0 /* VRadventure0 */ = {
			isa = PBXNativeTarget;
			buildConfigurationList = CB4AE34F1D53B15800A6AAA0 /* Build configuration list for PBXNativeTarget "VRadventure0" */;
			buildPhases = (
				CB4AE3231D53B15800A6AAA0 /* Sources */,
				CB4AE3241D53B15800A6AAA0 /* Frameworks */,
				CB4AE3251D53B15800A6AAA0 /* Resources */,
			);
			buildRules = (
			);
			dependencies = (
			);
			name = VRadventure0;
			productName = VRadventure0;
			productReference = CB4AE3271D53B15800A6AAA0 /* VRadventure0.app */;
			productType = "com.apple.product-type.application";
		};
		CB4AE33A1D53B15800A6AAA0 /* VRadventure0Tests */ = {
			isa = PBXNativeTarget;
			buildConfigurationList = CB4AE3521D53B15800A6AAA0 /* Build configuration list for PBXNativeTarget "VRadventure0Tests" */;
			buildPhases = (
				CB4AE3371D53B15800A6AAA0 /* Sources */,
				CB4AE3381D53B15800A6AAA0 /* Frameworks */,
				CB4AE3391D53B15800A6AAA0 /* Resources */,
			);
			buildRules = (
			);
			dependencies = (
				CB4AE33D1D53B15800A6AAA0 /* PBXTargetDependency */,
			);
			name = VRadventure0Tests;
			productName = VRadventure0Tests;
			productReference = CB4AE33B1D53B15800A6AAA0 /* VRadventure0Tests.xctest */;
			productType = "com.apple.product-type.bundle.unit-test";
		};
		CB4AE3451D53B15800A6AAA0 /* VRadventure0UITests */ = {
			isa = PBXNativeTarget;
			buildConfigurationList = CB4AE3551D53B15800A6AAA0 /* Build configuration list for PBXNativeTarget "VRadventure0UITests" */;
			buildPhases = (
				CB4AE3421D53B15800A6AAA0 /* Sources */,
				CB4AE3431D53B15800A6AAA0 /* Frameworks */,
				CB4AE3441D53B15800A6AAA0 /* Resources */,
			);
			buildRules = (
			);
			dependencies = (
				CB4AE3481D53B15800A6AAA0 /* PBXTargetDependency */,
			);
			name = VRadventure0UITests;
			productName = VRadventure0UITests;
			productReference = CB4AE3461D53B15800A6AAA0 /* VRadventure0UITests.xctest */;
			productType = "com.apple.product-type.bundle.ui-testing";
		};
/* End PBXNativeTarget section */

/* Begin PBXProject section */
		CB4AE31F1D53B15800A6AAA0 /* Project object */ = {
			isa = PBXProject;
			attributes = {
				LastSwiftUpdateCheck = 0800;
				LastUpgradeCheck = 0800;
				ORGANIZATIONNAME = "Robots & Pencils";
				TargetAttributes = {
					CB4AE3261D53B15800A6AAA0 = {
						CreatedOnToolsVersion = 8.0;
						ProvisioningStyle = Automatic;
					};
					CB4AE33A1D53B15800A6AAA0 = {
						CreatedOnToolsVersion = 8.0;
						ProvisioningStyle = Automatic;
						TestTargetID = CB4AE3261D53B15800A6AAA0;
					};
					CB4AE3451D53B15800A6AAA0 = {
						CreatedOnToolsVersion = 8.0;
						ProvisioningStyle = Automatic;
						TestTargetID = CB4AE3261D53B15800A6AAA0;
					};
				};
			};
			buildConfigurationList = CB4AE3221D53B15800A6AAA0 /* Build configuration list for PBXProject "VRadventure0" */;
			compatibilityVersion = "Xcode 3.2";
			developmentRegion = English;
			hasScannedForEncodings = 0;
			knownRegions = (
				en,
				Base,
			);
			mainGroup = CB4AE31E1D53B15800A6AAA0;
			productRefGroup = CB4AE3281D53B15800A6AAA0 /* Products */;
			projectDirPath = "";
			projectRoot = "";
			targets = (
				CB4AE3261D53B15800A6AAA0 /* VRadventure0 */,
				CB4AE33A1D53B15800A6AAA0 /* VRadventure0Tests */,
				CB4AE3451D53B15800A6AAA0 /* VRadventure0UITests */,
			);
		};
/* End PBXProject section */

/* Begin PBXResourcesBuildPhase section */
		CB4AE3251D53B15800A6AAA0 /* Resources */ = {
			isa = PBXResourcesBuildPhase;
			buildActionMask = 2147483647;
			files = (
				CB4AE3351D53B15800A6AAA0 /* LaunchScreen.storyboard in Resources */,
				CB4AE3321D53B15800A6AAA0 /* Assets.xcassets in Resources */,
				CB4AE3591D53B19C00A6AAA0 /* Environment.scn in Resources */,
				CB4AE3301D53B15800A6AAA0 /* Main.storyboard in Resources */,
			);
			runOnlyForDeploymentPostprocessing = 0;
		};
		CB4AE3391D53B15800A6AAA0 /* Resources */ = {
			isa = PBXResourcesBuildPhase;
			buildActionMask = 2147483647;
			files = (
			);
			runOnlyForDeploymentPostprocessing = 0;
		};
		CB4AE3441D53B15800A6AAA0 /* Resources */ = {
			isa = PBXResourcesBuildPhase;
			buildActionMask = 2147483647;
			files = (
			);
			runOnlyForDeploymentPostprocessing = 0;
		};
/* End PBXResourcesBuildPhase section */

/* Begin PBXSourcesBuildPhase section */
		CB4AE3231D53B15800A6AAA0 /* Sources */ = {
			isa = PBXSourcesBuildPhase;
			buildActionMask = 2147483647;
			files = (
				CB4AE32D1D53B15800A6AAA0 /* ViewController.swift in Sources */,
				CB4AE32B1D53B15800A6AAA0 /* AppDelegate.swift in Sources */,
			);
			runOnlyForDeploymentPostprocessing = 0;
		};
		CB4AE3371D53B15800A6AAA0 /* Sources */ = {
			isa = PBXSourcesBuildPhase;
			buildActionMask = 2147483647;
			files = (
				CB4AE3401D53B15800A6AAA0 /* VRadventure0Tests.swift in Sources */,
			);
			runOnlyForDeploymentPostprocessing = 0;
		};
		CB4AE3421D53B15800A6AAA0 /* Sources */ = {
			isa = PBXSourcesBuildPhase;
			buildActionMask = 2147483647;
			files = (
				CB4AE34B1D53B15800A6AAA0 /* VRadventure0UITests.swift in Sources */,
			);
			runOnlyForDeploymentPostprocessing = 0;
		};
/* End PBXSourcesBuildPhase section */

/* Begin PBXTargetDependency section */
		CB4AE33D1D53B15800A6AAA0 /* PBXTargetDependency */ = {
			isa = PBXTargetDependency;
			target = CB4AE3261D53B15800A6AAA0 /* VRadventure0 */;
			targetProxy = CB4AE33C1D53B15800A6AAA0 /* PBXContainerItemProxy */;
		};
		CB4AE3481D53B15800A6AAA0 /* PBXTargetDependency */ = {
			isa = PBXTargetDependency;
			target = CB4AE3261D53B15800A6AAA0 /* VRadventure0 */;
			targetProxy = CB4AE3471D53B15800A6AAA0 /* PBXContainerItemProxy */;
		};
/* End PBXTargetDependency section */

/* Begin PBXVariantGroup section */
		CB4AE32E1D53B15800A6AAA0 /* Main.storyboard */ = {
			isa = PBXVariantGroup;
			children = (
				CB4AE32F1D53B15800A6AAA0 /* Base */,
			);
			name = Main.storyboard;
			sourceTree = "<group>";
		};
		CB4AE3331D53B15800A6AAA0 /* LaunchScreen.storyboard */ = {
			isa = PBXVariantGroup;
			children = (
				CB4AE3341D53B15800A6AAA0 /* Base */,
			);
			name = LaunchScreen.storyboard;
			sourceTree = "<group>";
		};
/* End PBXVariantGroup section */

/* Begin XCBuildConfiguration section */
		CB4AE34D1D53B15800A6AAA0 /* Debug */ = {
			isa = XCBuildConfiguration;
			buildSettings = {
				ALWAYS_SEARCH_USER_PATHS = NO;
				CLANG_ANALYZER_NONNULL = YES;
				CLANG_CXX_LANGUAGE_STANDARD = "gnu++0x";
				CLANG_CXX_LIBRARY = "libc++";
				CLANG_ENABLE_MODULES = YES;
				CLANG_ENABLE_OBJC_ARC = YES;
				CLANG_WARN_BOOL_CONVERSION = YES;
				CLANG_WARN_CONSTANT_CONVERSION = YES;
				CLANG_WARN_DIRECT_OBJC_ISA_USAGE = YES_ERROR;
				CLANG_WARN_DOCUMENTATION_COMMENTS = YES;
				CLANG_WARN_EMPTY_BODY = YES;
				CLANG_WARN_ENUM_CONVERSION = YES;
				CLANG_WARN_INFINITE_RECURSION = YES;
				CLANG_WARN_INT_CONVERSION = YES;
				CLANG_WARN_OBJC_ROOT_CLASS = YES_ERROR;
				CLANG_WARN_SUSPICIOUS_MOVES = YES;
				CLANG_WARN_UNREACHABLE_CODE = YES;
				CLANG_WARN__DUPLICATE_METHOD_MATCH = YES;
				"CODE_SIGN_IDENTITY[sdk=iphoneos*]" = "iPhone Developer";
				COPY_PHASE_STRIP = NO;
				DEBUG_INFORMATION_FORMAT = dwarf;
				ENABLE_STRICT_OBJC_MSGSEND = YES;
				ENABLE_TESTABILITY = YES;
				GCC_C_LANGUAGE_STANDARD = gnu99;
				GCC_DYNAMIC_NO_PIC = NO;
				GCC_NO_COMMON_BLOCKS = YES;
				GCC_OPTIMIZATION_LEVEL = 0;
				GCC_PREPROCESSOR_DEFINITIONS = (
					"DEBUG=1",
					"$(inherited)",
				);
				GCC_WARN_64_TO_32_BIT_CONVERSION = YES;
				GCC_WARN_ABOUT_RETURN_TYPE = YES_ERROR;
				GCC_WARN_UNDECLARED_SELECTOR = YES;
				GCC_WARN_UNINITIALIZED_AUTOS = YES_AGGRESSIVE;
				GCC_WARN_UNUSED_FUNCTION = YES;
				GCC_WARN_UNUSED_VARIABLE = YES;
				IPHONEOS_DEPLOYMENT_TARGET = 10.0;
				MTL_ENABLE_DEBUG_INFO = YES;
				ONLY_ACTIVE_ARCH = YES;
				SDKROOT = iphoneos;
				SWIFT_ACTIVE_COMPILATION_CONDITIONS = DEBUG;
				SWIFT_OPTIMIZATION_LEVEL = "-Onone";
			};
			name = Debug;
		};
		CB4AE34E1D53B15800A6AAA0 /* Release */ = {
			isa = XCBuildConfiguration;
			buildSettings = {
				ALWAYS_SEARCH_USER_PATHS = NO;
				CLANG_ANALYZER_NONNULL = YES;
				CLANG_CXX_LANGUAGE_STANDARD = "gnu++0x";
				CLANG_CXX_LIBRARY = "libc++";
				CLANG_ENABLE_MODULES = YES;
				CLANG_ENABLE_OBJC_ARC = YES;
				CLANG_WARN_BOOL_CONVERSION = YES;
				CLANG_WARN_CONSTANT_CONVERSION = YES;
				CLANG_WARN_DIRECT_OBJC_ISA_USAGE = YES_ERROR;
				CLANG_WARN_DOCUMENTATION_COMMENTS = YES;
				CLANG_WARN_EMPTY_BODY = YES;
				CLANG_WARN_ENUM_CONVERSION = YES;
				CLANG_WARN_INFINITE_RECURSION = YES;
				CLANG_WARN_INT_CONVERSION = YES;
				CLANG_WARN_OBJC_ROOT_CLASS = YES_ERROR;
				CLANG_WARN_SUSPICIOUS_MOVES = YES;
				CLANG_WARN_UNREACHABLE_CODE = YES;
				CLANG_WARN__DUPLICATE_METHOD_MATCH = YES;
				"CODE_SIGN_IDENTITY[sdk=iphoneos*]" = "iPhone Developer";
				COPY_PHASE_STRIP = NO;
				DEBUG_INFORMATION_FORMAT = "dwarf-with-dsym";
				ENABLE_NS_ASSERTIONS = NO;
				ENABLE_STRICT_OBJC_MSGSEND = YES;
				GCC_C_LANGUAGE_STANDARD = gnu99;
				GCC_NO_COMMON_BLOCKS = YES;
				GCC_WARN_64_TO_32_BIT_CONVERSION = YES;
				GCC_WARN_ABOUT_RETURN_TYPE = YES_ERROR;
				GCC_WARN_UNDECLARED_SELECTOR = YES;
				GCC_WARN_UNINITIALIZED_AUTOS = YES_AGGRESSIVE;
				GCC_WARN_UNUSED_FUNCTION = YES;
				GCC_WARN_UNUSED_VARIABLE = YES;
				IPHONEOS_DEPLOYMENT_TARGET = 10.0;
				MTL_ENABLE_DEBUG_INFO = NO;
				SDKROOT = iphoneos;
				SWIFT_OPTIMIZATION_LEVEL = "-Owholemodule";
				VALIDATE_PRODUCT = YES;
			};
			name = Release;
		};
		CB4AE3501D53B15800A6AAA0 /* Debug */ = {
			isa = XCBuildConfiguration;
			buildSettings = {
				ASSETCATALOG_COMPILER_APPICON_NAME = AppIcon;
				INFOPLIST_FILE = VRadventure0/Info.plist;
				LD_RUNPATH_SEARCH_PATHS = "$(inherited) @executable_path/Frameworks";
				PRODUCT_BUNDLE_IDENTIFIER = com.robotsandpencils.VRadventure0;
				PRODUCT_NAME = "$(TARGET_NAME)";
				SWIFT_VERSION = 3.0;
			};
			name = Debug;
		};
		CB4AE3511D53B15800A6AAA0 /* Release */ = {
			isa = XCBuildConfiguration;
			buildSettings = {
				ASSETCATALOG_COMPILER_APPICON_NAME = AppIcon;
				INFOPLIST_FILE = VRadventure0/Info.plist;
				LD_RUNPATH_SEARCH_PATHS = "$(inherited) @executable_path/Frameworks";
				PRODUCT_BUNDLE_IDENTIFIER = com.robotsandpencils.VRadventure0;
				PRODUCT_NAME = "$(TARGET_NAME)";
				SWIFT_VERSION = 3.0;
			};
			name = Release;
		};
		CB4AE3531D53B15800A6AAA0 /* Debug */ = {
			isa = XCBuildConfiguration;
			buildSettings = {
				BUNDLE_LOADER = "$(TEST_HOST)";
				INFOPLIST_FILE = VRadventure0Tests/Info.plist;
				LD_RUNPATH_SEARCH_PATHS = "$(inherited) @executable_path/Frameworks @loader_path/Frameworks";
				PRODUCT_BUNDLE_IDENTIFIER = com.robotsandpencils.VRadventure0Tests;
				PRODUCT_NAME = "$(TARGET_NAME)";
				SWIFT_VERSION = 3.0;
				TEST_HOST = "$(BUILT_PRODUCTS_DIR)/VRadventure0.app/VRadventure0";
			};
			name = Debug;
		};
		CB4AE3541D53B15800A6AAA0 /* Release */ = {
			isa = XCBuildConfiguration;
			buildSettings = {
				BUNDLE_LOADER = "$(TEST_HOST)";
				INFOPLIST_FILE = VRadventure0Tests/Info.plist;
				LD_RUNPATH_SEARCH_PATHS = "$(inherited) @executable_path/Frameworks @loader_path/Frameworks";
				PRODUCT_BUNDLE_IDENTIFIER = com.robotsandpencils.VRadventure0Tests;
				PRODUCT_NAME = "$(TARGET_NAME)";
				SWIFT_VERSION = 3.0;
				TEST_HOST = "$(BUILT_PRODUCTS_DIR)/VRadventure0.app/VRadventure0";
			};
			name = Release;
		};
		CB4AE3561D53B15800A6AAA0 /* Debug */ = {
			isa = XCBuildConfiguration;
			buildSettings = {
				INFOPLIST_FILE = VRadventure0UITests/Info.plist;
				LD_RUNPATH_SEARCH_PATHS = "$(inherited) @executable_path/Frameworks @loader_path/Frameworks";
				PRODUCT_BUNDLE_IDENTIFIER = com.robotsandpencils.VRadventure0UITests;
				PRODUCT_NAME = "$(TARGET_NAME)";
				SWIFT_VERSION = 3.0;
				TEST_TARGET_NAME = VRadventure0;
			};
			name = Debug;
		};
		CB4AE3571D53B15800A6AAA0 /* Release */ = {
			isa = XCBuildConfiguration;
			buildSettings = {
				INFOPLIST_FILE = VRadventure0UITests/Info.plist;
				LD_RUNPATH_SEARCH_PATHS = "$(inherited) @executable_path/Frameworks @loader_path/Frameworks";
				PRODUCT_BUNDLE_IDENTIFIER = com.robotsandpencils.VRadventure0UITests;
				PRODUCT_NAME = "$(TARGET_NAME)";
				SWIFT_VERSION = 3.0;
				TEST_TARGET_NAME = VRadventure0;
			};
			name = Release;
		};
/* End XCBuildConfiguration section */

/* Begin XCConfigurationList section */
		CB4AE3221D53B15800A6AAA0 /* Build configuration list for PBXProject "VRadventure0" */ = {
			isa = XCConfigurationList;
			buildConfigurations = (
				CB4AE34D1D53B15800A6AAA0 /* Debug */,
				CB4AE34E1D53B15800A6AAA0 /* Release */,
			);
			defaultConfigurationIsVisible = 0;
			defaultConfigurationName = Release;
		};
		CB4AE34F1D53B15800A6AAA0 /* Build configuration list for PBXNativeTarget "VRadventure0" */ = {
			isa = XCConfigurationList;
			buildConfigurations = (
				CB4AE3501D53B15800A6AAA0 /* Debug */,
				CB4AE3511D53B15800A6AAA0 /* Release */,
			);
			defaultConfigurationIsVisible = 0;
		};
		CB4AE3521D53B15800A6AAA0 /* Build configuration list for PBXNativeTarget "VRadventure0Tests" */ = {
			isa = XCConfigurationList;
			buildConfigurations = (
				CB4AE3531D53B15800A6AAA0 /* Debug */,
				CB4AE3541D53B15800A6AAA0 /* Release */,
			);
			defaultConfigurationIsVisible = 0;
		};
		CB4AE3551D53B15800A6AAA0 /* Build configuration list for PBXNativeTarget "VRadventure0UITests" */ = {
			isa = XCConfigurationList;
			buildConfigurations = (
				CB4AE3561D53B15800A6AAA0 /* Debug */,
				CB4AE3571D53B15800A6AAA0 /* Release */,
			);
			defaultConfigurationIsVisible = 0;
		};
/* End XCConfigurationList section */
	};
	rootObject = CB4AE31F1D53B15800A6AAA0 /* Project object */;
}
