// !$*UTF8*$!
{
	archiveVersion = 1;
	classes = {
	};
	objectVersion = 46;
	objects = {

/* Begin PBXBuildFile section */
		CB849C951D664A5A00A3860C /* AppDelegate.swift in Sources */ = {isa = PBXBuildFile; fileRef = CB849C941D664A5A00A3860C /* AppDelegate.swift */; };
		CB849C971D664A5A00A3860C /* ViewController.swift in Sources */ = {isa = PBXBuildFile; fileRef = CB849C961D664A5A00A3860C /* ViewController.swift */; };
		CB849C9A1D664A5A00A3860C /* Main.storyboard in Resources */ = {isa = PBXBuildFile; fileRef = CB849C981D664A5A00A3860C /* Main.storyboard */; };
		CB849C9C1D664A5A00A3860C /* Assets.xcassets in Resources */ = {isa = PBXBuildFile; fileRef = CB849C9B1D664A5A00A3860C /* Assets.xcassets */; };
		CB849C9F1D664A5A00A3860C /* LaunchScreen.storyboard in Resources */ = {isa = PBXBuildFile; fileRef = CB849C9D1D664A5A00A3860C /* LaunchScreen.storyboard */; };
		CB849CA71D664AAE00A3860C /* Environment.scn in Resources */ = {isa = PBXBuildFile; fileRef = CB849CA61D664AAE00A3860C /* Environment.scn */; };
/* End PBXBuildFile section */

/* Begin PBXFileReference section */
		CB849C911D664A5A00A3860C /* VRadventure1.app */ = {isa = PBXFileReference; explicitFileType = wrapper.application; includeInIndex = 0; path = VRadventure1.app; sourceTree = BUILT_PRODUCTS_DIR; };
		CB849C941D664A5A00A3860C /* AppDelegate.swift */ = {isa = PBXFileReference; lastKnownFileType = sourcecode.swift; path = AppDelegate.swift; sourceTree = "<group>"; };
		CB849C961D664A5A00A3860C /* ViewController.swift */ = {isa = PBXFileReference; lastKnownFileType = sourcecode.swift; path = ViewController.swift; sourceTree = "<group>"; };
		CB849C991D664A5A00A3860C /* Base */ = {isa = PBXFileReference; lastKnownFileType = file.storyboard; name = Base; path = Base.lproj/Main.storyboard; sourceTree = "<group>"; };
		CB849C9B1D664A5A00A3860C /* Assets.xcassets */ = {isa = PBXFileReference; lastKnownFileType = folder.assetcatalog; path = Assets.xcassets; sourceTree = "<group>"; };
		CB849C9E1D664A5A00A3860C /* Base */ = {isa = PBXFileReference; lastKnownFileType = file.storyboard; name = Base; path = Base.lproj/LaunchScreen.storyboard; sourceTree = "<group>"; };
		CB849CA01D664A5A00A3860C /* Info.plist */ = {isa = PBXFileReference; lastKnownFileType = text.plist.xml; path = Info.plist; sourceTree = "<group>"; };
		CB849CA61D664AAE00A3860C /* Environment.scn */ = {isa = PBXFileReference; lastKnownFileType = file.bplist; path = Environment.scn; sourceTree = "<group>"; };
/* End PBXFileReference section */

/* Begin PBXFrameworksBuildPhase section */
		CB849C8E1D664A5A00A3860C /* Frameworks */ = {
			isa = PBXFrameworksBuildPhase;
			buildActionMask = 2147483647;
			files = (
			);
			runOnlyForDeploymentPostprocessing = 0;
		};
/* End PBXFrameworksBuildPhase section */

/* Begin PBXGroup section */
		CB849C881D664A5A00A3860C = {
			isa = PBXGroup;
			children = (
				CB849C931D664A5A00A3860C /* VRadventure1 */,
				CB849C921D664A5A00A3860C /* Products */,
			);
			sourceTree = "<group>";
		};
		CB849C921D664A5A00A3860C /* Products */ = {
			isa = PBXGroup;
			children = (
				CB849C911D664A5A00A3860C /* VRadventure1.app */,
			);
			name = Products;
			sourceTree = "<group>";
		};
		CB849C931D664A5A00A3860C /* VRadventure1 */ = {
			isa = PBXGroup;
			children = (
				CB849CA61D664AAE00A3860C /* Environment.scn */,
				CB849C941D664A5A00A3860C /* AppDelegate.swift */,
				CB849C961D664A5A00A3860C /* ViewController.swift */,
				CB849C981D664A5A00A3860C /* Main.storyboard */,
				CB849C9B1D664A5A00A3860C /* Assets.xcassets */,
				CB849C9D1D664A5A00A3860C /* LaunchScreen.storyboard */,
				CB849CA01D664A5A00A3860C /* Info.plist */,
			);
			name = VRadventure1;
			path = VRadventure1;
			sourceTree = "<group>";
		};
/* End PBXGroup section */

/* Begin PBXNativeTarget section */
		CB849C901D664A5A00A3860C /* VRadventure1 */ = {
			isa = PBXNativeTarget;
			buildConfigurationList = CB849CA31D664A5A00A3860C /* Build configuration list for PBXNativeTarget "VRadventure1" */;
			buildPhases = (
				CB849C8D1D664A5A00A3860C /* Sources */,
				CB849C8E1D664A5A00A3860C /* Frameworks */,
				CB849C8F1D664A5A00A3860C /* Resources */,
			);
			buildRules = (
			);
			dependencies = (
			);
			name = VRadventure1;
			productName = VRadventure1;
			productReference = CB849C911D664A5A00A3860C /* VRadventure1.app */;
			productType = "com.apple.product-type.application";
		};
/* End PBXNativeTarget section */

/* Begin PBXProject section */
		CB849C891D664A5A00A3860C /* Project object */ = {
			isa = PBXProject;
			attributes = {
				LastSwiftUpdateCheck = 0800;
				LastUpgradeCheck = 0800;
				ORGANIZATIONNAME = "Robots & Pencils";
				TargetAttributes = {
					CB849C901D664A5A00A3860C = {
						CreatedOnToolsVersion = 8.0;
						DevelopmentTeam = GBCRLW29UQ;
						ProvisioningStyle = Automatic;
					};
				};
			};
			buildConfigurationList = CB849C8C1D664A5A00A3860C /* Build configuration list for PBXProject "VRadventure1" */;
			compatibilityVersion = "Xcode 3.2";
			developmentRegion = English;
			hasScannedForEncodings = 0;
			knownRegions = (
				en,
				Base,
			);
			mainGroup = CB849C881D664A5A00A3860C;
			productRefGroup = CB849C921D664A5A00A3860C /* Products */;
			projectDirPath = "";
			projectRoot = "";
			targets = (
				CB849C901D664A5A00A3860C /* VRadventure1 */,
			);
		};
/* End PBXProject section */

/* Begin PBXResourcesBuildPhase section */
		CB849C8F1D664A5A00A3860C /* Resources */ = {
			isa = PBXResourcesBuildPhase;
			buildActionMask = 2147483647;
			files = (
				CB849C9F1D664A5A00A3860C /* LaunchScreen.storyboard in Resources */,
				CB849C9C1D664A5A00A3860C /* Assets.xcassets in Resources */,
				CB849CA71D664AAE00A3860C /* Environment.scn in Resources */,
				CB849C9A1D664A5A00A3860C /* Main.storyboard in Resources */,
			);
			runOnlyForDeploymentPostprocessing = 0;
		};
/* End PBXResourcesBuildPhase section */

/* Begin PBXSourcesBuildPhase section */
		CB849C8D1D664A5A00A3860C /* Sources */ = {
			isa = PBXSourcesBuildPhase;
			buildActionMask = 2147483647;
			files = (
				CB849C971D664A5A00A3860C /* ViewController.swift in Sources */,
				CB849C951D664A5A00A3860C /* AppDelegate.swift in Sources */,
			);
			runOnlyForDeploymentPostprocessing = 0;
		};
/* End PBXSourcesBuildPhase section */

/* Begin PBXVariantGroup section */
		CB849C981D664A5A00A3860C /* Main.storyboard */ = {
			isa = PBXVariantGroup;
			children = (
				CB849C991D664A5A00A3860C /* Base */,
			);
			name = Main.storyboard;
			sourceTree = "<group>";
		};
		CB849C9D1D664A5A00A3860C /* LaunchScreen.storyboard */ = {
			isa = PBXVariantGroup;
			children = (
				CB849C9E1D664A5A00A3860C /* Base */,
			);
			name = LaunchScreen.storyboard;
			sourceTree = "<group>";
		};
/* End PBXVariantGroup section */

/* Begin XCBuildConfiguration section */
		CB849CA11D664A5A00A3860C /* Debug */ = {
			isa = XCBuildConfiguration;
			buildSettings = {
				ALWAYS_SEARCH_USER_PATHS = NO;
				CLANG_ANALYZER_NONNULL = YES;
				CLANG_CXX_LANGUAGE_STANDARD = "gnu++0x";
				CLANG_CXX_LIBRARY = "libc++";
				CLANG_ENABLE_MODULES = YES;
				CLANG_ENABLE_OBJC_ARC = YES;
				CLANG_WARN_BOOL_CONVERSION = YES;
				CLANG_WARN_CONSTANT_CONVERSION = YES;
				CLANG_WARN_DIRECT_OBJC_ISA_USAGE = YES_ERROR;
				CLANG_WARN_DOCUMENTATION_COMMENTS = YES;
				CLANG_WARN_EMPTY_BODY = YES;
				CLANG_WARN_ENUM_CONVERSION = YES;
				CLANG_WARN_INFINITE_RECURSION = YES;
				CLANG_WARN_INT_CONVERSION = YES;
				CLANG_WARN_OBJC_ROOT_CLASS = YES_ERROR;
				CLANG_WARN_SUSPICIOUS_MOVES = YES;
				CLANG_WARN_UNREACHABLE_CODE = YES;
				CLANG_WARN__DUPLICATE_METHOD_MATCH = YES;
				"CODE_SIGN_IDENTITY[sdk=iphoneos*]" = "iPhone Developer";
				COPY_PHASE_STRIP = NO;
				DEBUG_INFORMATION_FORMAT = dwarf;
				ENABLE_STRICT_OBJC_MSGSEND = YES;
				ENABLE_TESTABILITY = YES;
				GCC_C_LANGUAGE_STANDARD = gnu99;
				GCC_DYNAMIC_NO_PIC = NO;
				GCC_NO_COMMON_BLOCKS = YES;
				GCC_OPTIMIZATION_LEVEL = 0;
				GCC_PREPROCESSOR_DEFINITIONS = (
					"DEBUG=1",
					"$(inherited)",
				);
				GCC_WARN_64_TO_32_BIT_CONVERSION = YES;
				GCC_WARN_ABOUT_RETURN_TYPE = YES_ERROR;
				GCC_WARN_UNDECLARED_SELECTOR = YES;
				GCC_WARN_UNINITIALIZED_AUTOS = YES_AGGRESSIVE;
				GCC_WARN_UNUSED_FUNCTION = YES;
				GCC_WARN_UNUSED_VARIABLE = YES;
				IPHONEOS_DEPLOYMENT_TARGET = 10.0;
				MTL_ENABLE_DEBUG_INFO = YES;
				ONLY_ACTIVE_ARCH = YES;
				SDKROOT = iphoneos;
				SWIFT_ACTIVE_COMPILATION_CONDITIONS = DEBUG;
				SWIFT_OPTIMIZATION_LEVEL = "-Onone";
			};
			name = Debug;
		};
		CB849CA21D664A5A00A3860C /* Release */ = {
			isa = XCBuildConfiguration;
			buildSettings = {
				ALWAYS_SEARCH_USER_PATHS = NO;
				CLANG_ANALYZER_NONNULL = YES;
				CLANG_CXX_LANGUAGE_STANDARD = "gnu++0x";
				CLANG_CXX_LIBRARY = "libc++";
				CLANG_ENABLE_MODULES = YES;
				CLANG_ENABLE_OBJC_ARC = YES;
				CLANG_WARN_BOOL_CONVERSION = YES;
				CLANG_WARN_CONSTANT_CONVERSION = YES;
				CLANG_WARN_DIRECT_OBJC_ISA_USAGE = YES_ERROR;
				CLANG_WARN_DOCUMENTATION_COMMENTS = YES;
				CLANG_WARN_EMPTY_BODY = YES;
				CLANG_WARN_ENUM_CONVERSION = YES;
				CLANG_WARN_INFINITE_RECURSION = YES;
				CLANG_WARN_INT_CONVERSION = YES;
				CLANG_WARN_OBJC_ROOT_CLASS = YES_ERROR;
				CLANG_WARN_SUSPICIOUS_MOVES = YES;
				CLANG_WARN_UNREACHABLE_CODE = YES;
				CLANG_WARN__DUPLICATE_METHOD_MATCH = YES;
				"CODE_SIGN_IDENTITY[sdk=iphoneos*]" = "iPhone Developer";
				COPY_PHASE_STRIP = NO;
				DEBUG_INFORMATION_FORMAT = "dwarf-with-dsym";
				ENABLE_NS_ASSERTIONS = NO;
				ENABLE_STRICT_OBJC_MSGSEND = YES;
				GCC_C_LANGUAGE_STANDARD = gnu99;
				GCC_NO_COMMON_BLOCKS = YES;
				GCC_WARN_64_TO_32_BIT_CONVERSION = YES;
				GCC_WARN_ABOUT_RETURN_TYPE = YES_ERROR;
				GCC_WARN_UNDECLARED_SELECTOR = YES;
				GCC_WARN_UNINITIALIZED_AUTOS = YES_AGGRESSIVE;
				GCC_WARN_UNUSED_FUNCTION = YES;
				GCC_WARN_UNUSED_VARIABLE = YES;
				IPHONEOS_DEPLOYMENT_TARGET = 10.0;
				MTL_ENABLE_DEBUG_INFO = NO;
				SDKROOT = iphoneos;
				SWIFT_OPTIMIZATION_LEVEL = "-Owholemodule";
				VALIDATE_PRODUCT = YES;
			};
			name = Release;
		};
		CB849CA41D664A5A00A3860C /* Debug */ = {
			isa = XCBuildConfiguration;
			buildSettings = {
				ASSETCATALOG_COMPILER_APPICON_NAME = AppIcon;
				DEVELOPMENT_TEAM = GBCRLW29UQ;
				INFOPLIST_FILE = VRadventure1/Info.plist;
				LD_RUNPATH_SEARCH_PATHS = "$(inherited) @executable_path/Frameworks";
				PRODUCT_BUNDLE_IDENTIFIER = com.robotsandpencils.VRadventure1;
				PRODUCT_NAME = "$(TARGET_NAME)";
				SWIFT_VERSION = 3.0;
			};
			name = Debug;
		};
		CB849CA51D664A5A00A3860C /* Release */ = {
			isa = XCBuildConfiguration;
			buildSettings = {
				ASSETCATALOG_COMPILER_APPICON_NAME = AppIcon;
				DEVELOPMENT_TEAM = GBCRLW29UQ;
				INFOPLIST_FILE = VRadventure1/Info.plist;
				LD_RUNPATH_SEARCH_PATHS = "$(inherited) @executable_path/Frameworks";
				PRODUCT_BUNDLE_IDENTIFIER = com.robotsandpencils.VRadventure1;
				PRODUCT_NAME = "$(TARGET_NAME)";
				SWIFT_VERSION = 3.0;
			};
			name = Release;
		};
/* End XCBuildConfiguration section */

/* Begin XCConfigurationList section */
		CB849C8C1D664A5A00A3860C /* Build configuration list for PBXProject "VRadventure1" */ = {
			isa = XCConfigurationList;
			buildConfigurations = (
				CB849CA11D664A5A00A3860C /* Debug */,
				CB849CA21D664A5A00A3860C /* Release */,
			);
			defaultConfigurationIsVisible = 0;
			defaultConfigurationName = Release;
		};
		CB849CA31D664A5A00A3860C /* Build configuration list for PBXNativeTarget "VRadventure1" */ = {
			isa = XCConfigurationList;
			buildConfigurations = (
				CB849CA41D664A5A00A3860C /* Debug */,
				CB849CA51D664A5A00A3860C /* Release */,
			);
			defaultConfigurationIsVisible = 0;
			defaultConfigurationName = Release;
		};
/* End XCConfigurationList section */
	};
	rootObject = CB849C891D664A5A00A3860C /* Project object */;
}
